{
  "originHash" : "2b6d335272326468abc2114223e2ce9f2cf9645d68fa4e525733ecbf43f90359",
  "pins" : [
    {
      "identity" : "swiftsoup",
      "kind" : "remoteSourceControl",
      "location" : "https://github.com/scinfu/SwiftSoup.git",
      "state" : {
        "revision" : "32f5aea5af25d4229f3b1a72d6ed0edb3a12a03b",
        "version" : "2.7.4"
      }
    }
  ],
  "version" : 3
}
